{
  "object": {
    "pins": [
      {
        "package": "SwiftRegularExpression",
        "repositoryURL": "https://github.com/nerzh/swift-regular-expression.git",
        "state": {
          "branch": null,
          "revision": "9fb37cfb1898476c3eed153e52d8fd4f530bbead",
          "version": "0.2.3"
        }
      }
    ]
  },
  "version": 1
}
