{
  "object": {
    "pins": [
      {
        "package": "SwiftRegularExpression",
        "repositoryURL": "https://github.com/nerzh/swift-regular-expression.git",
        "state": {
          "branch": null,
          "revision": "957f5a37eff8e6a4efde69a32054e82428ae85a8",
          "version": "0.2.2"
        }
      }
    ]
  },
  "version": 1
}
